// !$*UTF8*$!
{
	archiveVersion = 1;
	classes = {
	};
	objectVersion = 55;
	objects = {

/* Begin PBXBuildFile section */
		BD421B192863A435006B2B5B /* AppDelegate.swift in Sources */ = {isa = PBXBuildFile; fileRef = BD421B182863A435006B2B5B /* AppDelegate.swift */; };
		BD421B1B2863A435006B2B5B /* SceneDelegate.swift in Sources */ = {isa = PBXBuildFile; fileRef = BD421B1A2863A435006B2B5B /* SceneDelegate.swift */; };
		BD421B1D2863A435006B2B5B /* ViewController.swift in Sources */ = {isa = PBXBuildFile; fileRef = BD421B1C2863A435006B2B5B /* ViewController.swift */; };
		BD421B202863A435006B2B5B /* Main.storyboard in Resources */ = {isa = PBXBuildFile; fileRef = BD421B1E2863A435006B2B5B /* Main.storyboard */; };
		BD421B232863A435006B2B5B /* About_me.xcdatamodeld in Sources */ = {isa = PBXBuildFile; fileRef = BD421B212863A435006B2B5B /* About_me.xcdatamodeld */; };
		BD421B252863A436006B2B5B /* Assets.xcassets in Resources */ = {isa = PBXBuildFile; fileRef = BD421B242863A436006B2B5B /* Assets.xcassets */; };
		BD421B282863A436006B2B5B /* LaunchScreen.storyboard in Resources */ = {isa = PBXBuildFile; fileRef = BD421B262863A436006B2B5B /* LaunchScreen.storyboard */; };
		BD421B332863A436006B2B5B /* About_meTests.swift in Sources */ = {isa = PBXBuildFile; fileRef = BD421B322863A436006B2B5B /* About_meTests.swift */; };
		BD421B3D2863A436006B2B5B /* About_meUITests.swift in Sources */ = {isa = PBXBuildFile; fileRef = BD421B3C2863A436006B2B5B /* About_meUITests.swift */; };
		BD421B3F2863A436006B2B5B /* About_meUITestsLaunchTests.swift in Sources */ = {isa = PBXBuildFile; fileRef = BD421B3E2863A436006B2B5B /* About_meUITestsLaunchTests.swift */; };
/* End PBXBuildFile section */

/* Begin PBXContainerItemProxy section */
		BD421B2F2863A436006B2B5B /* PBXContainerItemProxy */ = {
			isa = PBXContainerItemProxy;
			containerPortal = BD421B0D2863A435006B2B5B /* Project object */;
			proxyType = 1;
			remoteGlobalIDString = BD421B142863A435006B2B5B;
			remoteInfo = "About me";
		};
		BD421B392863A436006B2B5B /* PBXContainerItemProxy */ = {
			isa = PBXContainerItemProxy;
			containerPortal = BD421B0D2863A435006B2B5B /* Project object */;
			proxyType = 1;
			remoteGlobalIDString = BD421B142863A435006B2B5B;
			remoteInfo = "About me";
		};
/* End PBXContainerItemProxy section */

/* Begin PBXFileReference section */
		BD421B152863A435006B2B5B /* About me.app */ = {isa = PBXFileReference; explicitFileType = wrapper.application; includeInIndex = 0; path = "About me.app"; sourceTree = BUILT_PRODUCTS_DIR; };
		BD421B182863A435006B2B5B /* AppDelegate.swift */ = {isa = PBXFileReference; lastKnownFileType = sourcecode.swift; path = AppDelegate.swift; sourceTree = "<group>"; };
		BD421B1A2863A435006B2B5B /* SceneDelegate.swift */ = {isa = PBXFileReference; lastKnownFileType = sourcecode.swift; path = SceneDelegate.swift; sourceTree = "<group>"; };
		BD421B1C2863A435006B2B5B /* ViewController.swift */ = {isa = PBXFileReference; lastKnownFileType = sourcecode.swift; path = ViewController.swift; sourceTree = "<group>"; };
		BD421B1F2863A435006B2B5B /* Base */ = {isa = PBXFileReference; lastKnownFileType = file.storyboard; name = Base; path = Base.lproj/Main.storyboard; sourceTree = "<group>"; };
		BD421B222863A435006B2B5B /* About_me.xcdatamodel */ = {isa = PBXFileReference; lastKnownFileType = wrapper.xcdatamodel; path = About_me.xcdatamodel; sourceTree = "<group>"; };
		BD421B242863A436006B2B5B /* Assets.xcassets */ = {isa = PBXFileReference; lastKnownFileType = folder.assetcatalog; path = Assets.xcassets; sourceTree = "<group>"; };
		BD421B272863A436006B2B5B /* Base */ = {isa = PBXFileReference; lastKnownFileType = file.storyboard; name = Base; path = Base.lproj/LaunchScreen.storyboard; sourceTree = "<group>"; };
		BD421B292863A436006B2B5B /* Info.plist */ = {isa = PBXFileReference; lastKnownFileType = text.plist.xml; path = Info.plist; sourceTree = "<group>"; };
		BD421B2E2863A436006B2B5B /* About meTests.xctest */ = {isa = PBXFileReference; explicitFileType = wrapper.cfbundle; includeInIndex = 0; path = "About meTests.xctest"; sourceTree = BUILT_PRODUCTS_DIR; };
		BD421B322863A436006B2B5B /* About_meTests.swift */ = {isa = PBXFileReference; lastKnownFileType = sourcecode.swift; path = About_meTests.swift; sourceTree = "<group>"; };
		BD421B382863A436006B2B5B /* About meUITests.xctest */ = {isa = PBXFileReference; explicitFileType = wrapper.cfbundle; includeInIndex = 0; path = "About meUITests.xctest"; sourceTree = BUILT_PRODUCTS_DIR; };
		BD421B3C2863A436006B2B5B /* About_meUITests.swift */ = {isa = PBXFileReference; lastKnownFileType = sourcecode.swift; path = About_meUITests.swift; sourceTree = "<group>"; };
		BD421B3E2863A436006B2B5B /* About_meUITestsLaunchTests.swift */ = {isa = PBXFileReference; lastKnownFileType = sourcecode.swift; path = About_meUITestsLaunchTests.swift; sourceTree = "<group>"; };
/* End PBXFileReference section */

/* Begin PBXFrameworksBuildPhase section */
		BD421B122863A435006B2B5B /* Frameworks */ = {
			isa = PBXFrameworksBuildPhase;
			buildActionMask = 2147483647;
			files = (
			);
			runOnlyForDeploymentPostprocessing = 0;
		};
		BD421B2B2863A436006B2B5B /* Frameworks */ = {
			isa = PBXFrameworksBuildPhase;
			buildActionMask = 2147483647;
			files = (
			);
			runOnlyForDeploymentPostprocessing = 0;
		};
		BD421B352863A436006B2B5B /* Frameworks */ = {
			isa = PBXFrameworksBuildPhase;
			buildActionMask = 2147483647;
			files = (
			);
			runOnlyForDeploymentPostprocessing = 0;
		};
/* End PBXFrameworksBuildPhase section */

/* Begin PBXGroup section */
		BD421B0C2863A435006B2B5B = {
			isa = PBXGroup;
			children = (
				BD421B172863A435006B2B5B /* About me */,
				BD421B312863A436006B2B5B /* About meTests */,
				BD421B3B2863A436006B2B5B /* About meUITests */,
				BD421B162863A435006B2B5B /* Products */,
			);
			sourceTree = "<group>";
		};
		BD421B162863A435006B2B5B /* Products */ = {
			isa = PBXGroup;
			children = (
				BD421B152863A435006B2B5B /* About me.app */,
				BD421B2E2863A436006B2B5B /* About meTests.xctest */,
				BD421B382863A436006B2B5B /* About meUITests.xctest */,
			);
			name = Products;
			sourceTree = "<group>";
		};
		BD421B172863A435006B2B5B /* About me */ = {
			isa = PBXGroup;
			children = (
				BD421B182863A435006B2B5B /* AppDelegate.swift */,
				BD421B1A2863A435006B2B5B /* SceneDelegate.swift */,
				BD421B1C2863A435006B2B5B /* ViewController.swift */,
				BD421B1E2863A435006B2B5B /* Main.storyboard */,
				BD421B242863A436006B2B5B /* Assets.xcassets */,
				BD421B262863A436006B2B5B /* LaunchScreen.storyboard */,
				BD421B292863A436006B2B5B /* Info.plist */,
				BD421B212863A435006B2B5B /* About_me.xcdatamodeld */,
			);
			path = "About me";
			sourceTree = "<group>";
		};
		BD421B312863A436006B2B5B /* About meTests */ = {
			isa = PBXGroup;
			children = (
				BD421B322863A436006B2B5B /* About_meTests.swift */,
			);
			path = "About meTests";
			sourceTree = "<group>";
		};
		BD421B3B2863A436006B2B5B /* About meUITests */ = {
			isa = PBXGroup;
			children = (
				BD421B3C2863A436006B2B5B /* About_meUITests.swift */,
				BD421B3E2863A436006B2B5B /* About_meUITestsLaunchTests.swift */,
			);
			path = "About meUITests";
			sourceTree = "<group>";
		};
/* End PBXGroup section */

/* Begin PBXNativeTarget section */
		BD421B142863A435006B2B5B /* About me */ = {
			isa = PBXNativeTarget;
			buildConfigurationList = BD421B422863A436006B2B5B /* Build configuration list for PBXNativeTarget "About me" */;
			buildPhases = (
				BD421B112863A435006B2B5B /* Sources */,
				BD421B122863A435006B2B5B /* Frameworks */,
				BD421B132863A435006B2B5B /* Resources */,
			);
			buildRules = (
			);
			dependencies = (
			);
			name = "About me";
			productName = "About me";
			productReference = BD421B152863A435006B2B5B /* About me.app */;
			productType = "com.apple.product-type.application";
		};
		BD421B2D2863A436006B2B5B /* About meTests */ = {
			isa = PBXNativeTarget;
			buildConfigurationList = BD421B452863A436006B2B5B /* Build configuration list for PBXNativeTarget "About meTests" */;
			buildPhases = (
				BD421B2A2863A436006B2B5B /* Sources */,
				BD421B2B2863A436006B2B5B /* Frameworks */,
				BD421B2C2863A436006B2B5B /* Resources */,
			);
			buildRules = (
			);
			dependencies = (
				BD421B302863A436006B2B5B /* PBXTargetDependency */,
			);
			name = "About meTests";
			productName = "About meTests";
			productReference = BD421B2E2863A436006B2B5B /* About meTests.xctest */;
			productType = "com.apple.product-type.bundle.unit-test";
		};
		BD421B372863A436006B2B5B /* About meUITests */ = {
			isa = PBXNativeTarget;
			buildConfigurationList = BD421B482863A436006B2B5B /* Build configuration list for PBXNativeTarget "About meUITests" */;
			buildPhases = (
				BD421B342863A436006B2B5B /* Sources */,
				BD421B352863A436006B2B5B /* Frameworks */,
				BD421B362863A436006B2B5B /* Resources */,
			);
			buildRules = (
			);
			dependencies = (
				BD421B3A2863A436006B2B5B /* PBXTargetDependency */,
			);
			name = "About meUITests";
			productName = "About meUITests";
			productReference = BD421B382863A436006B2B5B /* About meUITests.xctest */;
			productType = "com.apple.product-type.bundle.ui-testing";
		};
/* End PBXNativeTarget section */

/* Begin PBXProject section */
		BD421B0D2863A435006B2B5B /* Project object */ = {
			isa = PBXProject;
			attributes = {
				BuildIndependentTargetsInParallel = 1;
				LastSwiftUpdateCheck = 1340;
				LastUpgradeCheck = 1340;
				TargetAttributes = {
					BD421B142863A435006B2B5B = {
						CreatedOnToolsVersion = 13.4.1;
					};
					BD421B2D2863A436006B2B5B = {
						CreatedOnToolsVersion = 13.4.1;
						TestTargetID = BD421B142863A435006B2B5B;
					};
					BD421B372863A436006B2B5B = {
						CreatedOnToolsVersion = 13.4.1;
						TestTargetID = BD421B142863A435006B2B5B;
					};
				};
			};
			buildConfigurationList = BD421B102863A435006B2B5B /* Build configuration list for PBXProject "About me" */;
			compatibilityVersion = "Xcode 13.0";
			developmentRegion = en;
			hasScannedForEncodings = 0;
			knownRegions = (
				en,
				Base,
			);
			mainGroup = BD421B0C2863A435006B2B5B;
			productRefGroup = BD421B162863A435006B2B5B /* Products */;
			projectDirPath = "";
			projectRoot = "";
			targets = (
				BD421B142863A435006B2B5B /* About me */,
				BD421B2D2863A436006B2B5B /* About meTests */,
				BD421B372863A436006B2B5B /* About meUITests */,
			);
		};
/* End PBXProject section */

/* Begin PBXResourcesBuildPhase section */
		BD421B132863A435006B2B5B /* Resources */ = {
			isa = PBXResourcesBuildPhase;
			buildActionMask = 2147483647;
			files = (
				BD421B282863A436006B2B5B /* LaunchScreen.storyboard in Resources */,
				BD421B252863A436006B2B5B /* Assets.xcassets in Resources */,
				BD421B202863A435006B2B5B /* Main.storyboard in Resources */,
			);
			runOnlyForDeploymentPostprocessing = 0;
		};
		BD421B2C2863A436006B2B5B /* Resources */ = {
			isa = PBXResourcesBuildPhase;
			buildActionMask = 2147483647;
			files = (
			);
			runOnlyForDeploymentPostprocessing = 0;
		};
		BD421B362863A436006B2B5B /* Resources */ = {
			isa = PBXResourcesBuildPhase;
			buildActionMask = 2147483647;
			files = (
			);
			runOnlyForDeploymentPostprocessing = 0;
		};
/* End PBXResourcesBuildPhase section */

/* Begin PBXSourcesBuildPhase section */
		BD421B112863A435006B2B5B /* Sources */ = {
			isa = PBXSourcesBuildPhase;
			buildActionMask = 2147483647;
			files = (
				BD421B1D2863A435006B2B5B /* ViewController.swift in Sources */,
				BD421B232863A435006B2B5B /* About_me.xcdatamodeld in Sources */,
				BD421B192863A435006B2B5B /* AppDelegate.swift in Sources */,
				BD421B1B2863A435006B2B5B /* SceneDelegate.swift in Sources */,
			);
			runOnlyForDeploymentPostprocessing = 0;
		};
		BD421B2A2863A436006B2B5B /* Sources */ = {
			isa = PBXSourcesBuildPhase;
			buildActionMask = 2147483647;
			files = (
				BD421B332863A436006B2B5B /* About_meTests.swift in Sources */,
			);
			runOnlyForDeploymentPostprocessing = 0;
		};
		BD421B342863A436006B2B5B /* Sources */ = {
			isa = PBXSourcesBuildPhase;
			buildActionMask = 2147483647;
			files = (
				BD421B3F2863A436006B2B5B /* About_meUITestsLaunchTests.swift in Sources */,
				BD421B3D2863A436006B2B5B /* About_meUITests.swift in Sources */,
			);
			runOnlyForDeploymentPostprocessing = 0;
		};
/* End PBXSourcesBuildPhase section */

/* Begin PBXTargetDependency section */
		BD421B302863A436006B2B5B /* PBXTargetDependency */ = {
			isa = PBXTargetDependency;
			target = BD421B142863A435006B2B5B /* About me */;
			targetProxy = BD421B2F2863A436006B2B5B /* PBXContainerItemProxy */;
		};
		BD421B3A2863A436006B2B5B /* PBXTargetDependency */ = {
			isa = PBXTargetDependency;
			target = BD421B142863A435006B2B5B /* About me */;
			targetProxy = BD421B392863A436006B2B5B /* PBXContainerItemProxy */;
		};
/* End PBXTargetDependency section */

/* Begin PBXVariantGroup section */
		BD421B1E2863A435006B2B5B /* Main.storyboard */ = {
			isa = PBXVariantGroup;
			children = (
				BD421B1F2863A435006B2B5B /* Base */,
			);
			name = Main.storyboard;
			sourceTree = "<group>";
		};
		BD421B262863A436006B2B5B /* LaunchScreen.storyboard */ = {
			isa = PBXVariantGroup;
			children = (
				BD421B272863A436006B2B5B /* Base */,
			);
			name = LaunchScreen.storyboard;
			sourceTree = "<group>";
		};
/* End PBXVariantGroup section */

/* Begin XCBuildConfiguration section */
		BD421B402863A436006B2B5B /* Debug */ = {
			isa = XCBuildConfiguration;
			buildSettings = {
				ALWAYS_SEARCH_USER_PATHS = NO;
				CLANG_ANALYZER_NONNULL = YES;
				CLANG_ANALYZER_NUMBER_OBJECT_CONVERSION = YES_AGGRESSIVE;
				CLANG_CXX_LANGUAGE_STANDARD = "gnu++17";
				CLANG_ENABLE_MODULES = YES;
				CLANG_ENABLE_OBJC_ARC = YES;
				CLANG_ENABLE_OBJC_WEAK = YES;
				CLANG_WARN_BLOCK_CAPTURE_AUTORELEASING = YES;
				CLANG_WARN_BOOL_CONVERSION = YES;
				CLANG_WARN_COMMA = YES;
				CLANG_WARN_CONSTANT_CONVERSION = YES;
				CLANG_WARN_DEPRECATED_OBJC_IMPLEMENTATIONS = YES;
				CLANG_WARN_DIRECT_OBJC_ISA_USAGE = YES_ERROR;
				CLANG_WARN_DOCUMENTATION_COMMENTS = YES;
				CLANG_WARN_EMPTY_BODY = YES;
				CLANG_WARN_ENUM_CONVERSION = YES;
				CLANG_WARN_INFINITE_RECURSION = YES;
				CLANG_WARN_INT_CONVERSION = YES;
				CLANG_WARN_NON_LITERAL_NULL_CONVERSION = YES;
				CLANG_WARN_OBJC_IMPLICIT_RETAIN_SELF = YES;
				CLANG_WARN_OBJC_LITERAL_CONVERSION = YES;
				CLANG_WARN_OBJC_ROOT_CLASS = YES_ERROR;
				CLANG_WARN_QUOTED_INCLUDE_IN_FRAMEWORK_HEADER = YES;
				CLANG_WARN_RANGE_LOOP_ANALYSIS = YES;
				CLANG_WARN_STRICT_PROTOTYPES = YES;
				CLANG_WARN_SUSPICIOUS_MOVE = YES;
				CLANG_WARN_UNGUARDED_AVAILABILITY = YES_AGGRESSIVE;
				CLANG_WARN_UNREACHABLE_CODE = YES;
				CLANG_WARN__DUPLICATE_METHOD_MATCH = YES;
				COPY_PHASE_STRIP = NO;
				DEBUG_INFORMATION_FORMAT = dwarf;
				ENABLE_STRICT_OBJC_MSGSEND = YES;
				ENABLE_TESTABILITY = YES;
				GCC_C_LANGUAGE_STANDARD = gnu11;
				GCC_DYNAMIC_NO_PIC = NO;
				GCC_NO_COMMON_BLOCKS = YES;
				GCC_OPTIMIZATION_LEVEL = 0;
				GCC_PREPROCESSOR_DEFINITIONS = (
					"DEBUG=1",
					"$(inherited)",
				);
				GCC_WARN_64_TO_32_BIT_CONVERSION = YES;
				GCC_WARN_ABOUT_RETURN_TYPE = YES_ERROR;
				GCC_WARN_UNDECLARED_SELECTOR = YES;
				GCC_WARN_UNINITIALIZED_AUTOS = YES_AGGRESSIVE;
				GCC_WARN_UNUSED_FUNCTION = YES;
				GCC_WARN_UNUSED_VARIABLE = YES;
				IPHONEOS_DEPLOYMENT_TARGET = 15.5;
				MTL_ENABLE_DEBUG_INFO = INCLUDE_SOURCE;
				MTL_FAST_MATH = YES;
				ONLY_ACTIVE_ARCH = YES;
				SDKROOT = iphoneos;
				SWIFT_ACTIVE_COMPILATION_CONDITIONS = DEBUG;
				SWIFT_OPTIMIZATION_LEVEL = "-Onone";
			};
			name = Debug;
		};
		BD421B412863A436006B2B5B /* Release */ = {
			isa = XCBuildConfiguration;
			buildSettings = {
				ALWAYS_SEARCH_USER_PATHS = NO;
				CLANG_ANALYZER_NONNULL = YES;
				CLANG_ANALYZER_NUMBER_OBJECT_CONVERSION = YES_AGGRESSIVE;
				CLANG_CXX_LANGUAGE_STANDARD = "gnu++17";
				CLANG_ENABLE_MODULES = YES;
				CLANG_ENABLE_OBJC_ARC = YES;
				CLANG_ENABLE_OBJC_WEAK = YES;
				CLANG_WARN_BLOCK_CAPTURE_AUTORELEASING = YES;
				CLANG_WARN_BOOL_CONVERSION = YES;
				CLANG_WARN_COMMA = YES;
				CLANG_WARN_CONSTANT_CONVERSION = YES;
				CLANG_WARN_DEPRECATED_OBJC_IMPLEMENTATIONS = YES;
				CLANG_WARN_DIRECT_OBJC_ISA_USAGE = YES_ERROR;
				CLANG_WARN_DOCUMENTATION_COMMENTS = YES;
				CLANG_WARN_EMPTY_BODY = YES;
				CLANG_WARN_ENUM_CONVERSION = YES;
				CLANG_WARN_INFINITE_RECURSION = YES;
				CLANG_WARN_INT_CONVERSION = YES;
				CLANG_WARN_NON_LITERAL_NULL_CONVERSION = YES;
				CLANG_WARN_OBJC_IMPLICIT_RETAIN_SELF = YES;
				CLANG_WARN_OBJC_LITERAL_CONVERSION = YES;
				CLANG_WARN_OBJC_ROOT_CLASS = YES_ERROR;
				CLANG_WARN_QUOTED_INCLUDE_IN_FRAMEWORK_HEADER = YES;
				CLANG_WARN_RANGE_LOOP_ANALYSIS = YES;
				CLANG_WARN_STRICT_PROTOTYPES = YES;
				CLANG_WARN_SUSPICIOUS_MOVE = YES;
				CLANG_WARN_UNGUARDED_AVAILABILITY = YES_AGGRESSIVE;
				CLANG_WARN_UNREACHABLE_CODE = YES;
				CLANG_WARN__DUPLICATE_METHOD_MATCH = YES;
				COPY_PHASE_STRIP = NO;
				DEBUG_INFORMATION_FORMAT = "dwarf-with-dsym";
				ENABLE_NS_ASSERTIONS = NO;
				ENABLE_STRICT_OBJC_MSGSEND = YES;
				GCC_C_LANGUAGE_STANDARD = gnu11;
				GCC_NO_COMMON_BLOCKS = YES;
				GCC_WARN_64_TO_32_BIT_CONVERSION = YES;
				GCC_WARN_ABOUT_RETURN_TYPE = YES_ERROR;
				GCC_WARN_UNDECLARED_SELECTOR = YES;
				GCC_WARN_UNINITIALIZED_AUTOS = YES_AGGRESSIVE;
				GCC_WARN_UNUSED_FUNCTION = YES;
				GCC_WARN_UNUSED_VARIABLE = YES;
				IPHONEOS_DEPLOYMENT_TARGET = 15.5;
				MTL_ENABLE_DEBUG_INFO = NO;
				MTL_FAST_MATH = YES;
				SDKROOT = iphoneos;
				SWIFT_COMPILATION_MODE = wholemodule;
				SWIFT_OPTIMIZATION_LEVEL = "-O";
				VALIDATE_PRODUCT = YES;
			};
			name = Release;
		};
		BD421B432863A436006B2B5B /* Debug */ = {
			isa = XCBuildConfiguration;
			buildSettings = {
				ASSETCATALOG_COMPILER_APPICON_NAME = AppIcon;
				ASSETCATALOG_COMPILER_GLOBAL_ACCENT_COLOR_NAME = AccentColor;
				CODE_SIGN_STYLE = Automatic;
				CURRENT_PROJECT_VERSION = 1;
				GENERATE_INFOPLIST_FILE = YES;
				INFOPLIST_FILE = "About me/Info.plist";
				INFOPLIST_KEY_UIApplicationSupportsIndirectInputEvents = YES;
				INFOPLIST_KEY_UILaunchStoryboardName = LaunchScreen;
				INFOPLIST_KEY_UIMainStoryboardFile = Main;
				INFOPLIST_KEY_UISupportedInterfaceOrientations_iPad = "UIInterfaceOrientationPortrait UIInterfaceOrientationPortraitUpsideDown UIInterfaceOrientationLandscapeLeft UIInterfaceOrientationLandscapeRight";
				INFOPLIST_KEY_UISupportedInterfaceOrientations_iPhone = "UIInterfaceOrientationPortrait UIInterfaceOrientationLandscapeLeft UIInterfaceOrientationLandscapeRight";
				LD_RUNPATH_SEARCH_PATHS = (
					"$(inherited)",
					"@executable_path/Frameworks",
				);
				MARKETING_VERSION = 1.0;
				PRODUCT_BUNDLE_IDENTIFIER = "kwk.About-me";
				PRODUCT_NAME = "$(TARGET_NAME)";
				SWIFT_EMIT_LOC_STRINGS = YES;
				SWIFT_VERSION = 5.0;
				TARGETED_DEVICE_FAMILY = "1,2";
			};
			name = Debug;
		};
		BD421B442863A436006B2B5B /* Release */ = {
			isa = XCBuildConfiguration;
			buildSettings = {
				ASSETCATALOG_COMPILER_APPICON_NAME = AppIcon;
				ASSETCATALOG_COMPILER_GLOBAL_ACCENT_COLOR_NAME = AccentColor;
				CODE_SIGN_STYLE = Automatic;
				CURRENT_PROJECT_VERSION = 1;
				GENERATE_INFOPLIST_FILE = YES;
				INFOPLIST_FILE = "About me/Info.plist";
				INFOPLIST_KEY_UIApplicationSupportsIndirectInputEvents = YES;
				INFOPLIST_KEY_UILaunchStoryboardName = LaunchScreen;
				INFOPLIST_KEY_UIMainStoryboardFile = Main;
				INFOPLIST_KEY_UISupportedInterfaceOrientations_iPad = "UIInterfaceOrientationPortrait UIInterfaceOrientationPortraitUpsideDown UIInterfaceOrientationLandscapeLeft UIInterfaceOrientationLandscapeRight";
				INFOPLIST_KEY_UISupportedInterfaceOrientations_iPhone = "UIInterfaceOrientationPortrait UIInterfaceOrientationLandscapeLeft UIInterfaceOrientationLandscapeRight";
				LD_RUNPATH_SEARCH_PATHS = (
					"$(inherited)",
					"@executable_path/Frameworks",
				);
				MARKETING_VERSION = 1.0;
				PRODUCT_BUNDLE_IDENTIFIER = "kwk.About-me";
				PRODUCT_NAME = "$(TARGET_NAME)";
				SWIFT_EMIT_LOC_STRINGS = YES;
				SWIFT_VERSION = 5.0;
				TARGETED_DEVICE_FAMILY = "1,2";
			};
			name = Release;
		};
		BD421B462863A436006B2B5B /* Debug */ = {
			isa = XCBuildConfiguration;
			buildSettings = {
				ALWAYS_EMBED_SWIFT_STANDARD_LIBRARIES = YES;
				BUNDLE_LOADER = "$(TEST_HOST)";
				CODE_SIGN_STYLE = Automatic;
				CURRENT_PROJECT_VERSION = 1;
				GENERATE_INFOPLIST_FILE = YES;
				IPHONEOS_DEPLOYMENT_TARGET = 15.5;
				MARKETING_VERSION = 1.0;
				PRODUCT_BUNDLE_IDENTIFIER = "kwk.About-meTests";
				PRODUCT_NAME = "$(TARGET_NAME)";
				SWIFT_EMIT_LOC_STRINGS = NO;
				SWIFT_VERSION = 5.0;
				TARGETED_DEVICE_FAMILY = "1,2";
				TEST_HOST = "$(BUILT_PRODUCTS_DIR)/About me.app/About me";
			};
			name = Debug;
		};
		BD421B472863A436006B2B5B /* Release */ = {
			isa = XCBuildConfiguration;
			buildSettings = {
				ALWAYS_EMBED_SWIFT_STANDARD_LIBRARIES = YES;
				BUNDLE_LOADER = "$(TEST_HOST)";
				CODE_SIGN_STYLE = Automatic;
				CURRENT_PROJECT_VERSION = 1;
				GENERATE_INFOPLIST_FILE = YES;
				IPHONEOS_DEPLOYMENT_TARGET = 15.5;
				MARKETING_VERSION = 1.0;
				PRODUCT_BUNDLE_IDENTIFIER = "kwk.About-meTests";
				PRODUCT_NAME = "$(TARGET_NAME)";
				SWIFT_EMIT_LOC_STRINGS = NO;
				SWIFT_VERSION = 5.0;
				TARGETED_DEVICE_FAMILY = "1,2";
				TEST_HOST = "$(BUILT_PRODUCTS_DIR)/About me.app/About me";
			};
			name = Release;
		};
		BD421B492863A436006B2B5B /* Debug */ = {
			isa = XCBuildConfiguration;
			buildSettings = {
				ALWAYS_EMBED_SWIFT_STANDARD_LIBRARIES = YES;
				CODE_SIGN_STYLE = Automatic;
				CURRENT_PROJECT_VERSION = 1;
				GENERATE_INFOPLIST_FILE = YES;
				MARKETING_VERSION = 1.0;
				PRODUCT_BUNDLE_IDENTIFIER = "kwk.About-meUITests";
				PRODUCT_NAME = "$(TARGET_NAME)";
				SWIFT_EMIT_LOC_STRINGS = NO;
				SWIFT_VERSION = 5.0;
				TARGETED_DEVICE_FAMILY = "1,2";
				TEST_TARGET_NAME = "About me";
			};
			name = Debug;
		};
		BD421B4A2863A436006B2B5B /* Release */ = {
			isa = XCBuildConfiguration;
			buildSettings = {
				ALWAYS_EMBED_SWIFT_STANDARD_LIBRARIES = YES;
				CODE_SIGN_STYLE = Automatic;
				CURRENT_PROJECT_VERSION = 1;
				GENERATE_INFOPLIST_FILE = YES;
				MARKETING_VERSION = 1.0;
				PRODUCT_BUNDLE_IDENTIFIER = "kwk.About-meUITests";
				PRODUCT_NAME = "$(TARGET_NAME)";
				SWIFT_EMIT_LOC_STRINGS = NO;
				SWIFT_VERSION = 5.0;
				TARGETED_DEVICE_FAMILY = "1,2";
				TEST_TARGET_NAME = "About me";
			};
			name = Release;
		};
/* End XCBuildConfiguration section */

/* Begin XCConfigurationList section */
		BD421B102863A435006B2B5B /* Build configuration list for PBXProject "About me" */ = {
			isa = XCConfigurationList;
			buildConfigurations = (
				BD421B402863A436006B2B5B /* Debug */,
				BD421B412863A436006B2B5B /* Release */,
			);
			defaultConfigurationIsVisible = 0;
			defaultConfigurationName = Release;
		};
		BD421B422863A436006B2B5B /* Build configuration list for PBXNativeTarget "About me" */ = {
			isa = XCConfigurationList;
			buildConfigurations = (
				BD421B432863A436006B2B5B /* Debug */,
				BD421B442863A436006B2B5B /* Release */,
			);
			defaultConfigurationIsVisible = 0;
			defaultConfigurationName = Release;
		};
		BD421B452863A436006B2B5B /* Build configuration list for PBXNativeTarget "About meTests" */ = {
			isa = XCConfigurationList;
			buildConfigurations = (
				BD421B462863A436006B2B5B /* Debug */,
				BD421B472863A436006B2B5B /* Release */,
			);
			defaultConfigurationIsVisible = 0;
			defaultConfigurationName = Release;
		};
		BD421B482863A436006B2B5B /* Build configuration list for PBXNativeTarget "About meUITests" */ = {
			isa = XCConfigurationList;
			buildConfigurations = (
				BD421B492863A436006B2B5B /* Debug */,
				BD421B4A2863A436006B2B5B /* Release */,
			);
			defaultConfigurationIsVisible = 0;
			defaultConfigurationName = Release;
		};
/* End XCConfigurationList section */

/* Begin XCVersionGroup section */
		BD421B212863A435006B2B5B /* About_me.xcdatamodeld */ = {
			isa = XCVersionGroup;
			children = (
				BD421B222863A435006B2B5B /* About_me.xcdatamodel */,
			);
			currentVersion = BD421B222863A435006B2B5B /* About_me.xcdatamodel */;
			path = About_me.xcdatamodeld;
			sourceTree = "<group>";
			versionGroupType = wrapper.xcdatamodel;
		};
/* End XCVersionGroup section */
	};
	rootObject = BD421B0D2863A435006B2B5B /* Project object */;
}
